
Microsoft Visual Studio Solution File, Format Version 12.00
# Visual Studio 14
VisualStudioVersion = 14.0.23107.0
MinimumVisualStudioVersion = 10.0.40219.1
Project("{FAE04EC0-301F-11D3-BF4B-00C04F79EFBC}") = "PapyrusDotNet", "PapyrusDotNet\PapyrusDotNet.csproj", "{328A4BC6-9157-4581-B695-C7A51C3D965F}"
EndProject
Project("{FAE04EC0-301F-11D3-BF4B-00C04F79EFBC}") = "PapyrusDotNet.CoreBuilder", "PapyrusDotNet.CoreBuilder\PapyrusDotNet.CoreBuilder.csproj", "{54B3F2D8-7510-4445-8A4C-420A73994D03}"
EndProject
Project("{FAE04EC0-301F-11D3-BF4B-00C04F79EFBC}") = "PapyrusDotNet.Common", "PapyrusDotNet.Common\PapyrusDotNet.Common.csproj", "{6B35B6AB-EA3B-42B0-B40F-66E490E59A15}"
EndProject
Project("{FAE04EC0-301F-11D3-BF4B-00C04F79EFBC}") = "Example1", "..\Examples\Example1\Example1.csproj", "{58CA8F82-6071-4212-A745-51C4B4FA0544}"
EndProject
Project("{FAE04EC0-301F-11D3-BF4B-00C04F79EFBC}") = "PapyrusDotNet.System", "PapyrusDotNet.System\PapyrusDotNet.System.csproj", "{CAAF38B3-8033-4B23-9B50-0059306EAFAC}"
EndProject
Project("{FAE04EC0-301F-11D3-BF4B-00C04F79EFBC}") = "PapyrusDotNet.CoreBuilder.Tests", "PapyrusDotNet.CoreBuilder.Tests\PapyrusDotNet.CoreBuilder.Tests.csproj", "{ACE75D2E-FECC-4409-AA07-7C9CDB287C77}"
EndProject
Project("{FAE04EC0-301F-11D3-BF4B-00C04F79EFBC}") = "PapyrusDotNet.PapyrusAssembly", "PapyrusDotNet.PapyrusAssembly\PapyrusDotNet.PapyrusAssembly.csproj", "{C5F9B5DA-F44A-4129-98D1-2EFDADF09B52}"
EndProject
Project("{FAE04EC0-301F-11D3-BF4B-00C04F79EFBC}") = "PapyrusDotNet.PapyrusAssembly.Tests", "PapyrusDotNet.PapyrusAssembly.Tests\PapyrusDotNet.PapyrusAssembly.Tests.csproj", "{E53819BD-3427-4DB1-96CD-6CA5E81AF756}"
EndProject
Project("{FAE04EC0-301F-11D3-BF4B-00C04F79EFBC}") = "PapyrusDotNet.ConsoleTests", "PapyrusDotNet.ConsoleTests\PapyrusDotNet.ConsoleTests.csproj", "{BD15920E-26D2-49EC-AD79-EB565858A6AA}"
EndProject
Project("{2150E333-8FDC-42A3-9474-1A3956D46DE8}") = "Dummy", "Dummy", "{2CEB2AA5-48F8-4231-B33A-2BEED27D9E59}"
	ProjectSection(SolutionItems) = preProject
		..\..\..\Spel\Fallout 4 Scripts\scripts\AbCourserSpeedScript.pex = ..\..\..\Spel\Fallout 4 Scripts\scripts\AbCourserSpeedScript.pex
	EndProjectSection
EndProject
Global
	GlobalSection(SolutionConfigurationPlatforms) = preSolution
		Debug|Any CPU = Debug|Any CPU
		Release|Any CPU = Release|Any CPU
	EndGlobalSection
	GlobalSection(ProjectConfigurationPlatforms) = postSolution
		{328A4BC6-9157-4581-B695-C7A51C3D965F}.Debug|Any CPU.ActiveCfg = Debug|Any CPU
		{328A4BC6-9157-4581-B695-C7A51C3D965F}.Debug|Any CPU.Build.0 = Debug|Any CPU
		{328A4BC6-9157-4581-B695-C7A51C3D965F}.Release|Any CPU.ActiveCfg = Release|Any CPU
		{328A4BC6-9157-4581-B695-C7A51C3D965F}.Release|Any CPU.Build.0 = Release|Any CPU
		{54B3F2D8-7510-4445-8A4C-420A73994D03}.Debug|Any CPU.ActiveCfg = Debug|Any CPU
		{54B3F2D8-7510-4445-8A4C-420A73994D03}.Debug|Any CPU.Build.0 = Debug|Any CPU
		{54B3F2D8-7510-4445-8A4C-420A73994D03}.Release|Any CPU.ActiveCfg = Release|Any CPU
		{54B3F2D8-7510-4445-8A4C-420A73994D03}.Release|Any CPU.Build.0 = Release|Any CPU
		{6B35B6AB-EA3B-42B0-B40F-66E490E59A15}.Debug|Any CPU.ActiveCfg = Debug|Any CPU
		{6B35B6AB-EA3B-42B0-B40F-66E490E59A15}.Debug|Any CPU.Build.0 = Debug|Any CPU
		{6B35B6AB-EA3B-42B0-B40F-66E490E59A15}.Release|Any CPU.ActiveCfg = Release|Any CPU
		{6B35B6AB-EA3B-42B0-B40F-66E490E59A15}.Release|Any CPU.Build.0 = Release|Any CPU
		{58CA8F82-6071-4212-A745-51C4B4FA0544}.Debug|Any CPU.ActiveCfg = Debug|Any CPU
		{58CA8F82-6071-4212-A745-51C4B4FA0544}.Debug|Any CPU.Build.0 = Debug|Any CPU
		{58CA8F82-6071-4212-A745-51C4B4FA0544}.Release|Any CPU.ActiveCfg = Release|Any CPU
		{58CA8F82-6071-4212-A745-51C4B4FA0544}.Release|Any CPU.Build.0 = Release|Any CPU
		{CAAF38B3-8033-4B23-9B50-0059306EAFAC}.Debug|Any CPU.ActiveCfg = Debug|Any CPU
		{CAAF38B3-8033-4B23-9B50-0059306EAFAC}.Debug|Any CPU.Build.0 = Debug|Any CPU
		{CAAF38B3-8033-4B23-9B50-0059306EAFAC}.Release|Any CPU.ActiveCfg = Release|Any CPU
		{CAAF38B3-8033-4B23-9B50-0059306EAFAC}.Release|Any CPU.Build.0 = Release|Any CPU
		{ACE75D2E-FECC-4409-AA07-7C9CDB287C77}.Debug|Any CPU.ActiveCfg = Debug|Any CPU
		{ACE75D2E-FECC-4409-AA07-7C9CDB287C77}.Debug|Any CPU.Build.0 = Debug|Any CPU
		{ACE75D2E-FECC-4409-AA07-7C9CDB287C77}.Release|Any CPU.ActiveCfg = Release|Any CPU
		{ACE75D2E-FECC-4409-AA07-7C9CDB287C77}.Release|Any CPU.Build.0 = Release|Any CPU
		{C5F9B5DA-F44A-4129-98D1-2EFDADF09B52}.Debug|Any CPU.ActiveCfg = Debug|Any CPU
		{C5F9B5DA-F44A-4129-98D1-2EFDADF09B52}.Debug|Any CPU.Build.0 = Debug|Any CPU
		{C5F9B5DA-F44A-4129-98D1-2EFDADF09B52}.Release|Any CPU.ActiveCfg = Release|Any CPU
		{C5F9B5DA-F44A-4129-98D1-2EFDADF09B52}.Release|Any CPU.Build.0 = Release|Any CPU
		{E53819BD-3427-4DB1-96CD-6CA5E81AF756}.Debug|Any CPU.ActiveCfg = Debug|Any CPU
		{E53819BD-3427-4DB1-96CD-6CA5E81AF756}.Debug|Any CPU.Build.0 = Debug|Any CPU
		{E53819BD-3427-4DB1-96CD-6CA5E81AF756}.Release|Any CPU.ActiveCfg = Release|Any CPU
		{E53819BD-3427-4DB1-96CD-6CA5E81AF756}.Release|Any CPU.Build.0 = Release|Any CPU
		{BD15920E-26D2-49EC-AD79-EB565858A6AA}.Debug|Any CPU.ActiveCfg = Debug|Any CPU
		{BD15920E-26D2-49EC-AD79-EB565858A6AA}.Debug|Any CPU.Build.0 = Debug|Any CPU
		{BD15920E-26D2-49EC-AD79-EB565858A6AA}.Release|Any CPU.ActiveCfg = Release|Any CPU
		{BD15920E-26D2-49EC-AD79-EB565858A6AA}.Release|Any CPU.Build.0 = Release|Any CPU
	EndGlobalSection
	GlobalSection(SolutionProperties) = preSolution
		HideSolutionNode = FALSE
	EndGlobalSection
EndGlobal
